
Microsoft Visual Studio Solution File, Format Version 12.00
# Visual Studio Version 17
VisualStudioVersion = 17.0.31903.59
MinimumVisualStudioVersion = 10.0.40219.1
Project("{FAE04EC0-301F-11D3-BF4B-00C04F79EFBC}") = "Firmeza.Web", "Firmeza.Web\Firmeza.Web.csproj", "{E68809F1-A00C-42BA-82C8-B60A996FC1B9}"
EndProject
Project("{FAE04EC0-301F-11D3-BF4B-00C04F79EFBC}") = "Firmeza.Api", "Firmeza.Api\Firmeza.Api.csproj", "{8211F74E-C958-4063-B886-189BC3121C7F}"
EndProject
Project("{FAE04EC0-301F-11D3-BF4B-00C04F79EFBC}") = "Firmeza.Identity", "Firmeza.Identity\Firmeza.Identity.csproj", "{F62D1956-7BAB-4411-9F5E-3E950C5A373C}"
EndProject
Global
	GlobalSection(SolutionConfigurationPlatforms) = preSolution
		Debug|Any CPU = Debug|Any CPU
		Release|Any CPU = Release|Any CPU
	EndGlobalSection
	GlobalSection(SolutionProperties) = preSolution
		HideSolutionNode = FALSE
	EndGlobalSection
	GlobalSection(ProjectConfigurationPlatforms) = postSolution
		{E68809F1-A00C-42BA-82C8-B60A996FC1B9}.Debug|Any CPU.ActiveCfg = Debug|Any CPU
		{E68809F1-A00C-42BA-82C8-B60A996FC1B9}.Debug|Any CPU.Build.0 = Debug|Any CPU
		{E68809F1-A00C-42BA-82C8-B60A996FC1B9}.Release|Any CPU.ActiveCfg = Release|Any CPU
		{E68809F1-A00C-42BA-82C8-B60A996FC1B9}.Release|Any CPU.Build.0 = Release|Any CPU
		{8211F74E-C958-4063-B886-189BC3121C7F}.Debug|Any CPU.ActiveCfg = Debug|Any CPU
		{8211F74E-C958-4063-B886-189BC3121C7F}.Debug|Any CPU.Build.0 = Debug|Any CPU
		{8211F74E-C958-4063-B886-189BC3121C7F}.Release|Any CPU.ActiveCfg = Release|Any CPU
		{8211F74E-C958-4063-B886-189BC3121C7F}.Release|Any CPU.Build.0 = Release|Any CPU
		{F62D1956-7BAB-4411-9F5E-3E950C5A373C}.Debug|Any CPU.ActiveCfg = Debug|Any CPU
		{F62D1956-7BAB-4411-9F5E-3E950C5A373C}.Debug|Any CPU.Build.0 = Debug|Any CPU
		{F62D1956-7BAB-4411-9F5E-3E950C5A373C}.Release|Any CPU.ActiveCfg = Release|Any CPU
		{F62D1956-7BAB-4411-9F5E-3E950C5A373C}.Release|Any CPU.Build.0 = Release|Any CPU
	EndGlobalSection
EndGlobal
